
Microsoft Visual Studio Solution File, Format Version 12.00
# Visual Studio Version 17
VisualStudioVersion = 17.5.002.0
MinimumVisualStudioVersion = 10.0.40219.1
Project("{9A19103F-16F7-4668-BE54-9A1E7A4F7556}") = "Robot_controller_api_4.2P", "Robot_controller_api_4.2P.csproj", "{FAF13188-E014-43D2-B7CB-05571C85DAD4}"
EndProject
Global
	GlobalSection(SolutionConfigurationPlatforms) = preSolution
		Debug|Any CPU = Debug|Any CPU
		Release|Any CPU = Release|Any CPU
	EndGlobalSection
	GlobalSection(ProjectConfigurationPlatforms) = postSolution
		{FAF13188-E014-43D2-B7CB-05571C85DAD4}.Debug|Any CPU.ActiveCfg = Debug|Any CPU
		{FAF13188-E014-43D2-B7CB-05571C85DAD4}.Debug|Any CPU.Build.0 = Debug|Any CPU
		{FAF13188-E014-43D2-B7CB-05571C85DAD4}.Release|Any CPU.ActiveCfg = Release|Any CPU
		{FAF13188-E014-43D2-B7CB-05571C85DAD4}.Release|Any CPU.Build.0 = Release|Any CPU
	EndGlobalSection
	GlobalSection(SolutionProperties) = preSolution
		HideSolutionNode = FALSE
	EndGlobalSection
	GlobalSection(ExtensibilityGlobals) = postSolution
		SolutionGuid = {982F0E87-8623-40DA-A2EB-E01285C9DE39}
	EndGlobalSection
EndGlobal
